// !$*UTF8*$!
{
	archiveVersion = 1;
	classes = {
	};
	objectVersion = 50;
	objects = {

/* Begin PBXBuildFile section */
		E7AC3E1F23B64B0800EF028A /* AppDelegate.swift in Sources */ = {isa = PBXBuildFile; fileRef = E7AC3E1E23B64B0800EF028A /* AppDelegate.swift */; };
		E7AC3E2123B64B0800EF028A /* SceneDelegate.swift in Sources */ = {isa = PBXBuildFile; fileRef = E7AC3E2023B64B0800EF028A /* SceneDelegate.swift */; };
		E7AC3E2623B64B0800EF028A /* Main.storyboard in Resources */ = {isa = PBXBuildFile; fileRef = E7AC3E2423B64B0800EF028A /* Main.storyboard */; };
		E7AC3E2823B64B0B00EF028A /* Assets.xcassets in Resources */ = {isa = PBXBuildFile; fileRef = E7AC3E2723B64B0B00EF028A /* Assets.xcassets */; };
		E7AC3E2B23B64B0B00EF028A /* LaunchScreen.storyboard in Resources */ = {isa = PBXBuildFile; fileRef = E7AC3E2923B64B0B00EF028A /* LaunchScreen.storyboard */; };
		E7AC3E3323B64B5500EF028A /* MainViewController.swift in Sources */ = {isa = PBXBuildFile; fileRef = E7AC3E3223B64B5500EF028A /* MainViewController.swift */; };
/* End PBXBuildFile section */

/* Begin PBXFileReference section */
		E7AC3E1B23B64B0800EF028A /* N-Puzzle.app */ = {isa = PBXFileReference; explicitFileType = wrapper.application; includeInIndex = 0; path = "N-Puzzle.app"; sourceTree = BUILT_PRODUCTS_DIR; };
		E7AC3E1E23B64B0800EF028A /* AppDelegate.swift */ = {isa = PBXFileReference; lastKnownFileType = sourcecode.swift; path = AppDelegate.swift; sourceTree = "<group>"; };
		E7AC3E2023B64B0800EF028A /* SceneDelegate.swift */ = {isa = PBXFileReference; lastKnownFileType = sourcecode.swift; path = SceneDelegate.swift; sourceTree = "<group>"; };
		E7AC3E2523B64B0800EF028A /* Base */ = {isa = PBXFileReference; lastKnownFileType = file.storyboard; name = Base; path = Base.lproj/Main.storyboard; sourceTree = "<group>"; };
		E7AC3E2723B64B0B00EF028A /* Assets.xcassets */ = {isa = PBXFileReference; lastKnownFileType = folder.assetcatalog; path = Assets.xcassets; sourceTree = "<group>"; };
		E7AC3E2A23B64B0B00EF028A /* Base */ = {isa = PBXFileReference; lastKnownFileType = file.storyboard; name = Base; path = Base.lproj/LaunchScreen.storyboard; sourceTree = "<group>"; };
		E7AC3E2C23B64B0B00EF028A /* Info.plist */ = {isa = PBXFileReference; lastKnownFileType = text.plist.xml; path = Info.plist; sourceTree = "<group>"; };
		E7AC3E3223B64B5500EF028A /* MainViewController.swift */ = {isa = PBXFileReference; lastKnownFileType = sourcecode.swift; path = MainViewController.swift; sourceTree = "<group>"; };
/* End PBXFileReference section */

/* Begin PBXFrameworksBuildPhase section */
		E7AC3E1823B64B0800EF028A /* Frameworks */ = {
			isa = PBXFrameworksBuildPhase;
			buildActionMask = 2147483647;
			files = (
			);
			runOnlyForDeploymentPostprocessing = 0;
		};
/* End PBXFrameworksBuildPhase section */

/* Begin PBXGroup section */
		E7AC3E1223B64B0800EF028A = {
			isa = PBXGroup;
			children = (
				E7AC3E1D23B64B0800EF028A /* N-Puzzle */,
				E7AC3E1C23B64B0800EF028A /* Products */,
			);
			sourceTree = "<group>";
		};
		E7AC3E1C23B64B0800EF028A /* Products */ = {
			isa = PBXGroup;
			children = (
				E7AC3E1B23B64B0800EF028A /* N-Puzzle.app */,
			);
			name = Products;
			sourceTree = "<group>";
		};
		E7AC3E1D23B64B0800EF028A /* N-Puzzle */ = {
			isa = PBXGroup;
			children = (
				E7AC3E3423B64B6300EF028A /* N-Puzzle */,
				E7AC3E1E23B64B0800EF028A /* AppDelegate.swift */,
				E7AC3E2023B64B0800EF028A /* SceneDelegate.swift */,
				E7AC3E3223B64B5500EF028A /* MainViewController.swift */,
				E7AC3E2423B64B0800EF028A /* Main.storyboard */,
				E7AC3E2723B64B0B00EF028A /* Assets.xcassets */,
				E7AC3E2923B64B0B00EF028A /* LaunchScreen.storyboard */,
				E7AC3E2C23B64B0B00EF028A /* Info.plist */,
			);
			path = "N-Puzzle";
			sourceTree = "<group>";
		};
		E7AC3E3423B64B6300EF028A /* N-Puzzle */ = {
			isa = PBXGroup;
			children = (
			);
			path = "N-Puzzle";
			sourceTree = "<group>";
		};
/* End PBXGroup section */

/* Begin PBXNativeTarget section */
		E7AC3E1A23B64B0800EF028A /* N-Puzzle */ = {
			isa = PBXNativeTarget;
			buildConfigurationList = E7AC3E2F23B64B0B00EF028A /* Build configuration list for PBXNativeTarget "N-Puzzle" */;
			buildPhases = (
				E7AC3E1723B64B0800EF028A /* Sources */,
				E7AC3E1823B64B0800EF028A /* Frameworks */,
				E7AC3E1923B64B0800EF028A /* Resources */,
			);
			buildRules = (
			);
			dependencies = (
			);
			name = "N-Puzzle";
			productName = "N-Puzzle";
			productReference = E7AC3E1B23B64B0800EF028A /* N-Puzzle.app */;
			productType = "com.apple.product-type.application";
		};
/* End PBXNativeTarget section */

/* Begin PBXProject section */
		E7AC3E1323B64B0800EF028A /* Project object */ = {
			isa = PBXProject;
			attributes = {
				LastSwiftUpdateCheck = 1130;
				LastUpgradeCheck = 1130;
				ORGANIZATIONNAME = "Ddryha&Dtomchys";
				TargetAttributes = {
					E7AC3E1A23B64B0800EF028A = {
						CreatedOnToolsVersion = 11.3;
					};
				};
			};
			buildConfigurationList = E7AC3E1623B64B0800EF028A /* Build configuration list for PBXProject "N-Puzzle" */;
			compatibilityVersion = "Xcode 9.3";
			developmentRegion = en;
			hasScannedForEncodings = 0;
			knownRegions = (
				en,
				Base,
			);
			mainGroup = E7AC3E1223B64B0800EF028A;
			productRefGroup = E7AC3E1C23B64B0800EF028A /* Products */;
			projectDirPath = "";
			projectRoot = "";
			targets = (
				E7AC3E1A23B64B0800EF028A /* N-Puzzle */,
			);
		};
/* End PBXProject section */

/* Begin PBXResourcesBuildPhase section */
		E7AC3E1923B64B0800EF028A /* Resources */ = {
			isa = PBXResourcesBuildPhase;
			buildActionMask = 2147483647;
			files = (
				E7AC3E2B23B64B0B00EF028A /* LaunchScreen.storyboard in Resources */,
				E7AC3E2823B64B0B00EF028A /* Assets.xcassets in Resources */,
				E7AC3E2623B64B0800EF028A /* Main.storyboard in Resources */,
			);
			runOnlyForDeploymentPostprocessing = 0;
		};
/* End PBXResourcesBuildPhase section */

/* Begin PBXSourcesBuildPhase section */
		E7AC3E1723B64B0800EF028A /* Sources */ = {
			isa = PBXSourcesBuildPhase;
			buildActionMask = 2147483647;
			files = (
				E7AC3E3323B64B5500EF028A /* MainViewController.swift in Sources */,
				E7AC3E1F23B64B0800EF028A /* AppDelegate.swift in Sources */,
				E7AC3E2123B64B0800EF028A /* SceneDelegate.swift in Sources */,
			);
			runOnlyForDeploymentPostprocessing = 0;
		};
/* End PBXSourcesBuildPhase section */

/* Begin PBXVariantGroup section */
		E7AC3E2423B64B0800EF028A /* Main.storyboard */ = {
			isa = PBXVariantGroup;
			children = (
				E7AC3E2523B64B0800EF028A /* Base */,
			);
			name = Main.storyboard;
			sourceTree = "<group>";
		};
		E7AC3E2923B64B0B00EF028A /* LaunchScreen.storyboard */ = {
			isa = PBXVariantGroup;
			children = (
				E7AC3E2A23B64B0B00EF028A /* Base */,
			);
			name = LaunchScreen.storyboard;
			sourceTree = "<group>";
		};
/* End PBXVariantGroup section */

/* Begin XCBuildConfiguration section */
		E7AC3E2D23B64B0B00EF028A /* Debug */ = {
			isa = XCBuildConfiguration;
			buildSettings = {
				ALWAYS_SEARCH_USER_PATHS = NO;
				CLANG_ANALYZER_NONNULL = YES;
				CLANG_ANALYZER_NUMBER_OBJECT_CONVERSION = YES_AGGRESSIVE;
				CLANG_CXX_LANGUAGE_STANDARD = "gnu++14";
				CLANG_CXX_LIBRARY = "libc++";
				CLANG_ENABLE_MODULES = YES;
				CLANG_ENABLE_OBJC_ARC = YES;
				CLANG_ENABLE_OBJC_WEAK = YES;
				CLANG_WARN_BLOCK_CAPTURE_AUTORELEASING = YES;
				CLANG_WARN_BOOL_CONVERSION = YES;
				CLANG_WARN_COMMA = YES;
				CLANG_WARN_CONSTANT_CONVERSION = YES;
				CLANG_WARN_DEPRECATED_OBJC_IMPLEMENTATIONS = YES;
				CLANG_WARN_DIRECT_OBJC_ISA_USAGE = YES_ERROR;
				CLANG_WARN_DOCUMENTATION_COMMENTS = YES;
				CLANG_WARN_EMPTY_BODY = YES;
				CLANG_WARN_ENUM_CONVERSION = YES;
				CLANG_WARN_INFINITE_RECURSION = YES;
				CLANG_WARN_INT_CONVERSION = YES;
				CLANG_WARN_NON_LITERAL_NULL_CONVERSION = YES;
				CLANG_WARN_OBJC_IMPLICIT_RETAIN_SELF = YES;
				CLANG_WARN_OBJC_LITERAL_CONVERSION = YES;
				CLANG_WARN_OBJC_ROOT_CLASS = YES_ERROR;
				CLANG_WARN_RANGE_LOOP_ANALYSIS = YES;
				CLANG_WARN_STRICT_PROTOTYPES = YES;
				CLANG_WARN_SUSPICIOUS_MOVE = YES;
				CLANG_WARN_UNGUARDED_AVAILABILITY = YES_AGGRESSIVE;
				CLANG_WARN_UNREACHABLE_CODE = YES;
				CLANG_WARN__DUPLICATE_METHOD_MATCH = YES;
				COPY_PHASE_STRIP = NO;
				DEBUG_INFORMATION_FORMAT = dwarf;
				ENABLE_STRICT_OBJC_MSGSEND = YES;
				ENABLE_TESTABILITY = YES;
				GCC_C_LANGUAGE_STANDARD = gnu11;
				GCC_DYNAMIC_NO_PIC = NO;
				GCC_NO_COMMON_BLOCKS = YES;
				GCC_OPTIMIZATION_LEVEL = 0;
				GCC_PREPROCESSOR_DEFINITIONS = (
					"DEBUG=1",
					"$(inherited)",
				);
				GCC_WARN_64_TO_32_BIT_CONVERSION = YES;
				GCC_WARN_ABOUT_RETURN_TYPE = YES_ERROR;
				GCC_WARN_UNDECLARED_SELECTOR = YES;
				GCC_WARN_UNINITIALIZED_AUTOS = YES_AGGRESSIVE;
				GCC_WARN_UNUSED_FUNCTION = YES;
				GCC_WARN_UNUSED_VARIABLE = YES;
				IPHONEOS_DEPLOYMENT_TARGET = 13.2;
				MTL_ENABLE_DEBUG_INFO = INCLUDE_SOURCE;
				MTL_FAST_MATH = YES;
				ONLY_ACTIVE_ARCH = YES;
				SDKROOT = iphoneos;
				SWIFT_ACTIVE_COMPILATION_CONDITIONS = DEBUG;
				SWIFT_OPTIMIZATION_LEVEL = "-Onone";
			};
			name = Debug;
		};
		E7AC3E2E23B64B0B00EF028A /* Release */ = {
			isa = XCBuildConfiguration;
			buildSettings = {
				ALWAYS_SEARCH_USER_PATHS = NO;
				CLANG_ANALYZER_NONNULL = YES;
				CLANG_ANALYZER_NUMBER_OBJECT_CONVERSION = YES_AGGRESSIVE;
				CLANG_CXX_LANGUAGE_STANDARD = "gnu++14";
				CLANG_CXX_LIBRARY = "libc++";
				CLANG_ENABLE_MODULES = YES;
				CLANG_ENABLE_OBJC_ARC = YES;
				CLANG_ENABLE_OBJC_WEAK = YES;
				CLANG_WARN_BLOCK_CAPTURE_AUTORELEASING = YES;
				CLANG_WARN_BOOL_CONVERSION = YES;
				CLANG_WARN_COMMA = YES;
				CLANG_WARN_CONSTANT_CONVERSION = YES;
				CLANG_WARN_DEPRECATED_OBJC_IMPLEMENTATIONS = YES;
				CLANG_WARN_DIRECT_OBJC_ISA_USAGE = YES_ERROR;
				CLANG_WARN_DOCUMENTATION_COMMENTS = YES;
				CLANG_WARN_EMPTY_BODY = YES;
				CLANG_WARN_ENUM_CONVERSION = YES;
				CLANG_WARN_INFINITE_RECURSION = YES;
				CLANG_WARN_INT_CONVERSION = YES;
				CLANG_WARN_NON_LITERAL_NULL_CONVERSION = YES;
				CLANG_WARN_OBJC_IMPLICIT_RETAIN_SELF = YES;
				CLANG_WARN_OBJC_LITERAL_CONVERSION = YES;
				CLANG_WARN_OBJC_ROOT_CLASS = YES_ERROR;
				CLANG_WARN_RANGE_LOOP_ANALYSIS = YES;
				CLANG_WARN_STRICT_PROTOTYPES = YES;
				CLANG_WARN_SUSPICIOUS_MOVE = YES;
				CLANG_WARN_UNGUARDED_AVAILABILITY = YES_AGGRESSIVE;
				CLANG_WARN_UNREACHABLE_CODE = YES;
				CLANG_WARN__DUPLICATE_METHOD_MATCH = YES;
				COPY_PHASE_STRIP = NO;
				DEBUG_INFORMATION_FORMAT = "dwarf-with-dsym";
				ENABLE_NS_ASSERTIONS = NO;
				ENABLE_STRICT_OBJC_MSGSEND = YES;
				GCC_C_LANGUAGE_STANDARD = gnu11;
				GCC_NO_COMMON_BLOCKS = YES;
				GCC_WARN_64_TO_32_BIT_CONVERSION = YES;
				GCC_WARN_ABOUT_RETURN_TYPE = YES_ERROR;
				GCC_WARN_UNDECLARED_SELECTOR = YES;
				GCC_WARN_UNINITIALIZED_AUTOS = YES_AGGRESSIVE;
				GCC_WARN_UNUSED_FUNCTION = YES;
				GCC_WARN_UNUSED_VARIABLE = YES;
				IPHONEOS_DEPLOYMENT_TARGET = 13.2;
				MTL_ENABLE_DEBUG_INFO = NO;
				MTL_FAST_MATH = YES;
				SDKROOT = iphoneos;
				SWIFT_COMPILATION_MODE = wholemodule;
				SWIFT_OPTIMIZATION_LEVEL = "-O";
				VALIDATE_PRODUCT = YES;
			};
			name = Release;
		};
		E7AC3E3023B64B0B00EF028A /* Debug */ = {
			isa = XCBuildConfiguration;
			buildSettings = {
				ASSETCATALOG_COMPILER_APPICON_NAME = AppIcon;
				CODE_SIGN_STYLE = Automatic;
				DEVELOPMENT_TEAM = 542A7L24PL;
				INFOPLIST_FILE = "N-Puzzle/Info.plist";
				LD_RUNPATH_SEARCH_PATHS = (
					"$(inherited)",
					"@executable_path/Frameworks",
				);
				PRODUCT_BUNDLE_IDENTIFIER = "com.uniFactory.N-Puzzle";
				PRODUCT_NAME = "$(TARGET_NAME)";
				SWIFT_VERSION = 5.0;
				TARGETED_DEVICE_FAMILY = "1,2";
			};
			name = Debug;
		};
		E7AC3E3123B64B0B00EF028A /* Release */ = {
			isa = XCBuildConfiguration;
			buildSettings = {
				ASSETCATALOG_COMPILER_APPICON_NAME = AppIcon;
				CODE_SIGN_STYLE = Automatic;
				DEVELOPMENT_TEAM = 542A7L24PL;
				INFOPLIST_FILE = "N-Puzzle/Info.plist";
				LD_RUNPATH_SEARCH_PATHS = (
					"$(inherited)",
					"@executable_path/Frameworks",
				);
				PRODUCT_BUNDLE_IDENTIFIER = "com.uniFactory.N-Puzzle";
				PRODUCT_NAME = "$(TARGET_NAME)";
				SWIFT_VERSION = 5.0;
				TARGETED_DEVICE_FAMILY = "1,2";
			};
			name = Release;
		};
/* End XCBuildConfiguration section */

/* Begin XCConfigurationList section */
		E7AC3E1623B64B0800EF028A /* Build configuration list for PBXProject "N-Puzzle" */ = {
			isa = XCConfigurationList;
			buildConfigurations = (
				E7AC3E2D23B64B0B00EF028A /* Debug */,
				E7AC3E2E23B64B0B00EF028A /* Release */,
			);
			defaultConfigurationIsVisible = 0;
			defaultConfigurationName = Release;
		};
		E7AC3E2F23B64B0B00EF028A /* Build configuration list for PBXNativeTarget "N-Puzzle" */ = {
			isa = XCConfigurationList;
			buildConfigurations = (
				E7AC3E3023B64B0B00EF028A /* Debug */,
				E7AC3E3123B64B0B00EF028A /* Release */,
			);
			defaultConfigurationIsVisible = 0;
			defaultConfigurationName = Release;
		};
/* End XCConfigurationList section */
	};
	rootObject = E7AC3E1323B64B0800EF028A /* Project object */;
}
